{
  "nodes": {
    "flake-compat": {
      "flake": false,
      "locked": {
        "lastModified": 1648199409,
        "narHash": "sha256-JwPKdC2PoVBkG6E+eWw3j6BMR6sL3COpYWfif7RVb8Y=",
        "owner": "edolstra",
        "repo": "flake-compat",
        "rev": "64a525ee38886ab9028e6f61790de0832aa3ef03",
        "type": "github"
      },
      "original": {
        "owner": "edolstra",
        "repo": "flake-compat",
        "type": "github"
      }
    },
    "flake-utils": {
      "locked": {
        "lastModified": 1644229661,
        "narHash": "sha256-1YdnJAsNy69bpcjuoKdOYQX0YxZBiCYZo4Twxerqv7k=",
        "owner": "numtide",
        "repo": "flake-utils",
        "rev": "3cecb5b042f7f209c56ffd8371b2711a290ec797",
        "type": "github"
      },
      "original": {
        "owner": "numtide",
        "repo": "flake-utils",
        "type": "github"
      }
    },
    "home-manager": {
      "inputs": {
        "nixpkgs": [
          "nixpkgs"
        ]
      },
      "locked": {
        "lastModified": 1650301786,
        "narHash": "sha256-9rz9NqL+mC+BIggn2emuzZ+3MYogxVBTdsFK7E3Vv1k=",
        "owner": "nix-community",
        "repo": "home-manager",
        "rev": "8d38ca886880265d523a66fe3da4d42e92ab0748",
        "type": "github"
      },
      "original": {
        "owner": "nix-community",
        "repo": "home-manager",
        "type": "github"
      }
    },
    "neovim-flake": {
      "inputs": {
        "flake-utils": "flake-utils",
        "nixpkgs": [
          "neovim-nightly-overlay",
          "nixpkgs"
        ]
      },
      "locked": {
        "dir": "contrib",
        "lastModified": 1650231013,
        "narHash": "sha256-8Eb0+pUhFZpXZsO8wxmdcwJ4K82PBThEarAg7QmN1ic=",
        "owner": "neovim",
        "repo": "neovim",
        "rev": "1facad23473eb2d045fe77199b3b0b9fd2586895",
        "type": "github"
      },
      "original": {
        "dir": "contrib",
        "owner": "neovim",
        "repo": "neovim",
        "type": "github"
      }
    },
    "neovim-nightly-overlay": {
      "inputs": {
        "flake-compat": "flake-compat",
        "neovim-flake": "neovim-flake",
        "nixpkgs": "nixpkgs"
      },
      "locked": {
        "lastModified": 1650269777,
        "narHash": "sha256-xTHOaVcKotrhhZIXBlI+i+7T/9i9g2IBaJ876ZgKWNQ=",
        "owner": "nix-community",
        "repo": "neovim-nightly-overlay",
        "rev": "bc6898a27fae45321c8ced1c422e07700e2ae451",
        "type": "github"
      },
      "original": {
        "owner": "nix-community",
        "repo": "neovim-nightly-overlay",
        "type": "github"
      }
    },
    "nixpkgs": {
      "locked": {
        "lastModified": 1650161686,
        "narHash": "sha256-70ZWAlOQ9nAZ08OU6WY7n4Ij2kOO199dLfNlvO/+pf8=",
        "owner": "nixos",
        "repo": "nixpkgs",
        "rev": "1ffba9f2f683063c2b14c9f4d12c55ad5f4ed887",
        "type": "github"
      },
      "original": {
        "owner": "nixos",
        "ref": "nixos-unstable",
        "repo": "nixpkgs",
        "type": "github"
      }
    },
    "nixpkgs_2": {
      "locked": {
        "lastModified": 1650244918,
        "narHash": "sha256-DsS5nxjTpnoUC4pNXJI1rit7TnDTij8vQDa5PtcDCD0=",
        "owner": "NixOS",
        "repo": "nixpkgs",
        "rev": "7b38b03d76ab71bdc8dc325e3f6338d984cc35ca",
        "type": "github"
      },
      "original": {
        "owner": "NixOS",
        "ref": "nixos-21.11",
        "repo": "nixpkgs",
        "type": "github"
      }
    },
    "root": {
      "inputs": {
        "home-manager": "home-manager",
        "neovim-nightly-overlay": "neovim-nightly-overlay",
        "nixpkgs": "nixpkgs_2"
      }
    }
  },
  "root": "root",
  "version": 7
}
