{
  "nodes": {
    "flake-utils": {
      "locked": {
        "lastModified": 1667395993,
        "narHash": "sha256-nuEHfE/LcWyuSWnS8t12N1wc105Qtau+/OdUAjtQ0rA=",
        "owner": "numtide",
        "repo": "flake-utils",
        "rev": "5aed5285a952e0b949eb3ba02c12fa4fcfef535f",
        "type": "github"
      },
      "original": {
        "owner": "numtide",
        "repo": "flake-utils",
        "type": "github"
      }
    },
    "home-manager": {
      "inputs": {
        "nixpkgs": [
          "nixpkgs"
        ],
        "utils": "utils"
      },
      "locked": {
        "lastModified": 1674440933,
        "narHash": "sha256-CASRcD/rK3fn5vUCti3jzry7zi0GsqRsBohNq9wPgLs=",
        "owner": "nix-community",
        "repo": "home-manager",
        "rev": "65c47ced082e3353113614f77b1bc18822dc731f",
        "type": "github"
      },
      "original": {
        "owner": "nix-community",
        "ref": "release-22.11",
        "repo": "home-manager",
        "type": "github"
      }
    },
    "nixos-hardware": {
      "locked": {
        "lastModified": 1675785029,
        "narHash": "sha256-EoD3Wgqc0XWkBCwUrAxCIZett64jN/SEPPpXX2mCmrE=",
        "owner": "NixOS",
        "repo": "nixos-hardware",
        "rev": "16b6928ec622fd2356a80c0a9359eb350a94227d",
        "type": "github"
      },
      "original": {
        "owner": "NixOS",
        "ref": "master",
        "repo": "nixos-hardware",
        "type": "github"
      }
    },
    "nixpkgs": {
      "locked": {
        "lastModified": 1675757258,
        "narHash": "sha256-pIRer8vdsoherlRKpzfnHbMZ5TsAcvRlXHCIaHkIUbg=",
        "owner": "NixOS",
        "repo": "nixpkgs",
        "rev": "af96094e9b8eb162d70a84fa3b39f4b7a8b264d2",
        "type": "github"
      },
      "original": {
        "owner": "NixOS",
        "ref": "nixos-22.11",
        "repo": "nixpkgs",
        "type": "github"
      }
    },
    "nixpkgs-unstable": {
      "locked": {
        "lastModified": 1675673983,
        "narHash": "sha256-8hzNh1jtiPxL5r3ICNzSmpSzV7kGb3KwX+FS5BWJUTo=",
        "owner": "NixOS",
        "repo": "nixpkgs",
        "rev": "5a350a8f31bb7ef0c6e79aea3795a890cf7743d4",
        "type": "github"
      },
      "original": {
        "owner": "NixOS",
        "ref": "nixos-unstable",
        "repo": "nixpkgs",
        "type": "github"
      }
    },
    "root": {
      "inputs": {
        "flake-utils": "flake-utils",
        "home-manager": "home-manager",
        "nixos-hardware": "nixos-hardware",
        "nixpkgs": "nixpkgs",
        "nixpkgs-unstable": "nixpkgs-unstable"
      }
    },
    "utils": {
      "locked": {
        "lastModified": 1667395993,
        "narHash": "sha256-nuEHfE/LcWyuSWnS8t12N1wc105Qtau+/OdUAjtQ0rA=",
        "owner": "numtide",
        "repo": "flake-utils",
        "rev": "5aed5285a952e0b949eb3ba02c12fa4fcfef535f",
        "type": "github"
      },
      "original": {
        "owner": "numtide",
        "repo": "flake-utils",
        "type": "github"
      }
    }
  },
  "root": "root",
  "version": 7
}
